
Microsoft Visual Studio Solution File, Format Version 12.00
# Visual Studio 15
VisualStudioVersion = 15.0.27004.2008
MinimumVisualStudioVersion = 10.0.40219.1
Project("{FAE04EC0-301F-11D3-BF4B-00C04F79EFBC}") = "FileExplorer", "FileExplorer\FileExplorer.csproj", "{4A0C3091-D88F-43E1-92C4-C2B349B6CF46}"
EndProject
Project("{FAE04EC0-301F-11D3-BF4B-00C04F79EFBC}") = "FileExplorerSample", "FileExplorerSample\FileExplorerSample.csproj", "{1C2F2031-8226-48D4-B592-16CCDED89A6B}"
EndProject
Global
	GlobalSection(SolutionConfigurationPlatforms) = preSolution
		Debug|Any CPU = Debug|Any CPU
		Release|Any CPU = Release|Any CPU
	EndGlobalSection
	GlobalSection(ProjectConfigurationPlatforms) = postSolution
		{4A0C3091-D88F-43E1-92C4-C2B349B6CF46}.Debug|Any CPU.ActiveCfg = Debug|Any CPU
		{4A0C3091-D88F-43E1-92C4-C2B349B6CF46}.Debug|Any CPU.Build.0 = Debug|Any CPU
		{4A0C3091-D88F-43E1-92C4-C2B349B6CF46}.Release|Any CPU.ActiveCfg = Release|Any CPU
		{4A0C3091-D88F-43E1-92C4-C2B349B6CF46}.Release|Any CPU.Build.0 = Release|Any CPU
		{1C2F2031-8226-48D4-B592-16CCDED89A6B}.Debug|Any CPU.ActiveCfg = Debug|Any CPU
		{1C2F2031-8226-48D4-B592-16CCDED89A6B}.Debug|Any CPU.Build.0 = Debug|Any CPU
		{1C2F2031-8226-48D4-B592-16CCDED89A6B}.Release|Any CPU.ActiveCfg = Release|Any CPU
		{1C2F2031-8226-48D4-B592-16CCDED89A6B}.Release|Any CPU.Build.0 = Release|Any CPU
	EndGlobalSection
	GlobalSection(SolutionProperties) = preSolution
		HideSolutionNode = FALSE
	EndGlobalSection
	GlobalSection(ExtensibilityGlobals) = postSolution
		SolutionGuid = {4E3635E3-4108-4B43-8357-63CDBC830D49}
	EndGlobalSection
EndGlobal
